
Microsoft Visual Studio Solution File, Format Version 12.00
# Visual Studio Version 17
VisualStudioVersion = 17.14.36221.1
MinimumVisualStudioVersion = 10.0.40219.1
Project("{FAE04EC0-301F-11D3-BF4B-00C04F79EFBC}") = "TienIchTaiXe", "TienIchTaiXe.csproj", "{47ADC154-9D26-4EFB-8D44-338D5F83915C}"
EndProject
Project("{FAE04EC0-301F-11D3-BF4B-00C04F79EFBC}") = "TienIchTaiXe.Libraries", "..\TienIchTaiXe.Libraries\TienIchTaiXe.Libraries.csproj", "{AE960D86-5DD8-4B49-8A0B-E284111FAF12}"
EndProject
Global
	GlobalSection(SolutionConfigurationPlatforms) = preSolution
		Debug|Any CPU = Debug|Any CPU
		Release|Any CPU = Release|Any CPU
	EndGlobalSection
	GlobalSection(ProjectConfigurationPlatforms) = postSolution
		{47ADC154-9D26-4EFB-8D44-338D5F83915C}.Debug|Any CPU.ActiveCfg = Debug|Any CPU
		{47ADC154-9D26-4EFB-8D44-338D5F83915C}.Debug|Any CPU.Build.0 = Debug|Any CPU
		{47ADC154-9D26-4EFB-8D44-338D5F83915C}.Release|Any CPU.ActiveCfg = Release|Any CPU
		{47ADC154-9D26-4EFB-8D44-338D5F83915C}.Release|Any CPU.Build.0 = Release|Any CPU
		{AE960D86-5DD8-4B49-8A0B-E284111FAF12}.Debug|Any CPU.ActiveCfg = Debug|Any CPU
		{AE960D86-5DD8-4B49-8A0B-E284111FAF12}.Debug|Any CPU.Build.0 = Debug|Any CPU
		{AE960D86-5DD8-4B49-8A0B-E284111FAF12}.Release|Any CPU.ActiveCfg = Release|Any CPU
		{AE960D86-5DD8-4B49-8A0B-E284111FAF12}.Release|Any CPU.Build.0 = Release|Any CPU
	EndGlobalSection
	GlobalSection(SolutionProperties) = preSolution
		HideSolutionNode = FALSE
	EndGlobalSection
	GlobalSection(ExtensibilityGlobals) = postSolution
		SolutionGuid = {ED33B498-FBF1-4462-B687-2F097406BAAC}
	EndGlobalSection
EndGlobal
